
Microsoft Visual Studio Solution File, Format Version 12.00
# Visual Studio Version 17
VisualStudioVersion = 17.2.32616.157
MinimumVisualStudioVersion = 10.0.40219.1
Project("{FAE04EC0-301F-11D3-BF4B-00C04F79EFBC}") = "ByteBank_Unidade_01", "ByteBank_Unidade_01\ByteBank_Unidade_01.csproj", "{0F67DFE9-E31D-48D9-9B5A-9DC2C99A0457}"
EndProject
Project("{FAE04EC0-301F-11D3-BF4B-00C04F79EFBC}") = "ByteBank_Unidade_02", "ByteBank_Unidade_02\ByteBank_Unidade_02.csproj", "{B188E6AE-C40C-45AD-98FF-51F9571E1BE8}"
EndProject
Project("{FAE04EC0-301F-11D3-BF4B-00C04F79EFBC}") = "ByteBank_Unidade_03", "ByteBank_Unidade_03\ByteBank_Unidade_03.csproj", "{F84993B3-1511-4E3F-B687-BF32D2370EB2}"
EndProject
Global
	GlobalSection(SolutionConfigurationPlatforms) = preSolution
		Debug|Any CPU = Debug|Any CPU
		Release|Any CPU = Release|Any CPU
	EndGlobalSection
	GlobalSection(ProjectConfigurationPlatforms) = postSolution
		{0F67DFE9-E31D-48D9-9B5A-9DC2C99A0457}.Debug|Any CPU.ActiveCfg = Debug|Any CPU
		{0F67DFE9-E31D-48D9-9B5A-9DC2C99A0457}.Debug|Any CPU.Build.0 = Debug|Any CPU
		{0F67DFE9-E31D-48D9-9B5A-9DC2C99A0457}.Release|Any CPU.ActiveCfg = Release|Any CPU
		{0F67DFE9-E31D-48D9-9B5A-9DC2C99A0457}.Release|Any CPU.Build.0 = Release|Any CPU
		{B188E6AE-C40C-45AD-98FF-51F9571E1BE8}.Debug|Any CPU.ActiveCfg = Debug|Any CPU
		{B188E6AE-C40C-45AD-98FF-51F9571E1BE8}.Debug|Any CPU.Build.0 = Debug|Any CPU
		{B188E6AE-C40C-45AD-98FF-51F9571E1BE8}.Release|Any CPU.ActiveCfg = Release|Any CPU
		{B188E6AE-C40C-45AD-98FF-51F9571E1BE8}.Release|Any CPU.Build.0 = Release|Any CPU
		{F84993B3-1511-4E3F-B687-BF32D2370EB2}.Debug|Any CPU.ActiveCfg = Debug|Any CPU
		{F84993B3-1511-4E3F-B687-BF32D2370EB2}.Debug|Any CPU.Build.0 = Debug|Any CPU
		{F84993B3-1511-4E3F-B687-BF32D2370EB2}.Release|Any CPU.ActiveCfg = Release|Any CPU
		{F84993B3-1511-4E3F-B687-BF32D2370EB2}.Release|Any CPU.Build.0 = Release|Any CPU
	EndGlobalSection
	GlobalSection(SolutionProperties) = preSolution
		HideSolutionNode = FALSE
	EndGlobalSection
	GlobalSection(ExtensibilityGlobals) = postSolution
		SolutionGuid = {791AFF43-46B5-4759-940B-5B87B1E3F37F}
	EndGlobalSection
EndGlobal
