
Microsoft Visual Studio Solution File, Format Version 12.00
# Visual Studio Version 17
VisualStudioVersion = 17.2.32616.157
MinimumVisualStudioVersion = 10.0.40219.1
Project("{9A19103F-16F7-4668-BE54-9A1E7A4F7556}") = "Operadores_Casting", "Operadores_Casting\Operadores_Casting.csproj", "{ACCB86E7-0466-4B41-9444-82840C511D8B}"
EndProject
Project("{FAE04EC0-301F-11D3-BF4B-00C04F79EFBC}") = "Sobrecarga_Operadores", "Sobrecarga_Operadores\Sobrecarga_Operadores.csproj", "{383123E6-C19A-478F-86EA-4A988D13CB20}"
EndProject
Project("{FAE04EC0-301F-11D3-BF4B-00C04F79EFBC}") = "Lambda_Expressions", "Lambda_Expressions\Lambda_Expressions.csproj", "{2DC03184-358E-44E0-9F83-58439814C855}"
EndProject
Project("{FAE04EC0-301F-11D3-BF4B-00C04F79EFBC}") = "Delegates", "Delegates\Delegates.csproj", "{E7A4C9B8-89EB-47FB-9F66-0792EC0C4714}"
EndProject
Project("{FAE04EC0-301F-11D3-BF4B-00C04F79EFBC}") = "Entendo_Func", "Entendo_Func\Entendo_Func.csproj", "{95981DB8-25A9-4E71-8BD0-F73CD86CFDB4}"
EndProject
Project("{FAE04EC0-301F-11D3-BF4B-00C04F79EFBC}") = "Funcao_De_Ordem_Superior", "Funcao_De_Ordem_Superior\Funcao_De_Ordem_Superior.csproj", "{3B672D65-D8C7-480E-885C-D5D3C8403388}"
EndProject
Project("{FAE04EC0-301F-11D3-BF4B-00C04F79EFBC}") = "Enumerable_Vs_list", "Enumerable_Vs_list\Enumerable_Vs_list.csproj", "{70FBAF0A-71C2-4E8C-9783-1D0388107960}"
EndProject
Project("{FAE04EC0-301F-11D3-BF4B-00C04F79EFBC}") = "SobreCarga_Operador_Adicao", "SobreCarga_Operador_Adicao\SobreCarga_Operador_Adicao.csproj", "{82C95E8D-6A15-46BF-A023-1C52209D6BAB}"
EndProject
Project("{FAE04EC0-301F-11D3-BF4B-00C04F79EFBC}") = "SobreCarga_De_Operador_Multiplicacao", "SobreCarga_De_Operador_Multiplicacao\SobreCarga_De_Operador_Multiplicacao.csproj", "{0A341281-3607-4BDF-A978-E926F1454E32}"
EndProject
Project("{FAE04EC0-301F-11D3-BF4B-00C04F79EFBC}") = "SobreCarga_De_Operador_Maior_Que_E_Menor_Que", "SobreCarga_De_Operador_Maior_Que_E_Menor_Que\SobreCarga_De_Operador_Maior_Que_E_Menor_Que.csproj", "{B8C5805E-66B3-4A29-8363-814141FF52C2}"
EndProject
Project("{FAE04EC0-301F-11D3-BF4B-00C04F79EFBC}") = "Indexadores", "Indexadores\Indexadores.csproj", "{8CDC6DA7-10F0-40C7-8A72-B8D8EA1FAAD0}"
EndProject
Project("{FAE04EC0-301F-11D3-BF4B-00C04F79EFBC}") = "Cast_Customizado", "Cast_Customizado\Cast_Customizado.csproj", "{FAB0D744-EB87-4142-9362-E0293AE95589}"
EndProject
Project("{FAE04EC0-301F-11D3-BF4B-00C04F79EFBC}") = "SobreCarga_De_Operadores_02", "SobreCarga_De_Operadores_02\SobreCarga_De_Operadores_02.csproj", "{53FE8A20-7577-4F9E-917B-2ED74797E8E2}"
EndProject
Global
	GlobalSection(SolutionConfigurationPlatforms) = preSolution
		Debug|Any CPU = Debug|Any CPU
		Release|Any CPU = Release|Any CPU
	EndGlobalSection
	GlobalSection(ProjectConfigurationPlatforms) = postSolution
		{ACCB86E7-0466-4B41-9444-82840C511D8B}.Debug|Any CPU.ActiveCfg = Debug|Any CPU
		{ACCB86E7-0466-4B41-9444-82840C511D8B}.Debug|Any CPU.Build.0 = Debug|Any CPU
		{ACCB86E7-0466-4B41-9444-82840C511D8B}.Release|Any CPU.ActiveCfg = Release|Any CPU
		{ACCB86E7-0466-4B41-9444-82840C511D8B}.Release|Any CPU.Build.0 = Release|Any CPU
		{383123E6-C19A-478F-86EA-4A988D13CB20}.Debug|Any CPU.ActiveCfg = Debug|Any CPU
		{383123E6-C19A-478F-86EA-4A988D13CB20}.Debug|Any CPU.Build.0 = Debug|Any CPU
		{383123E6-C19A-478F-86EA-4A988D13CB20}.Release|Any CPU.ActiveCfg = Release|Any CPU
		{383123E6-C19A-478F-86EA-4A988D13CB20}.Release|Any CPU.Build.0 = Release|Any CPU
		{2DC03184-358E-44E0-9F83-58439814C855}.Debug|Any CPU.ActiveCfg = Debug|Any CPU
		{2DC03184-358E-44E0-9F83-58439814C855}.Debug|Any CPU.Build.0 = Debug|Any CPU
		{2DC03184-358E-44E0-9F83-58439814C855}.Release|Any CPU.ActiveCfg = Release|Any CPU
		{2DC03184-358E-44E0-9F83-58439814C855}.Release|Any CPU.Build.0 = Release|Any CPU
		{E7A4C9B8-89EB-47FB-9F66-0792EC0C4714}.Debug|Any CPU.ActiveCfg = Debug|Any CPU
		{E7A4C9B8-89EB-47FB-9F66-0792EC0C4714}.Debug|Any CPU.Build.0 = Debug|Any CPU
		{E7A4C9B8-89EB-47FB-9F66-0792EC0C4714}.Release|Any CPU.ActiveCfg = Release|Any CPU
		{E7A4C9B8-89EB-47FB-9F66-0792EC0C4714}.Release|Any CPU.Build.0 = Release|Any CPU
		{95981DB8-25A9-4E71-8BD0-F73CD86CFDB4}.Debug|Any CPU.ActiveCfg = Debug|Any CPU
		{95981DB8-25A9-4E71-8BD0-F73CD86CFDB4}.Debug|Any CPU.Build.0 = Debug|Any CPU
		{95981DB8-25A9-4E71-8BD0-F73CD86CFDB4}.Release|Any CPU.ActiveCfg = Release|Any CPU
		{95981DB8-25A9-4E71-8BD0-F73CD86CFDB4}.Release|Any CPU.Build.0 = Release|Any CPU
		{3B672D65-D8C7-480E-885C-D5D3C8403388}.Debug|Any CPU.ActiveCfg = Debug|Any CPU
		{3B672D65-D8C7-480E-885C-D5D3C8403388}.Debug|Any CPU.Build.0 = Debug|Any CPU
		{3B672D65-D8C7-480E-885C-D5D3C8403388}.Release|Any CPU.ActiveCfg = Release|Any CPU
		{3B672D65-D8C7-480E-885C-D5D3C8403388}.Release|Any CPU.Build.0 = Release|Any CPU
		{70FBAF0A-71C2-4E8C-9783-1D0388107960}.Debug|Any CPU.ActiveCfg = Debug|Any CPU
		{70FBAF0A-71C2-4E8C-9783-1D0388107960}.Debug|Any CPU.Build.0 = Debug|Any CPU
		{70FBAF0A-71C2-4E8C-9783-1D0388107960}.Release|Any CPU.ActiveCfg = Release|Any CPU
		{70FBAF0A-71C2-4E8C-9783-1D0388107960}.Release|Any CPU.Build.0 = Release|Any CPU
		{82C95E8D-6A15-46BF-A023-1C52209D6BAB}.Debug|Any CPU.ActiveCfg = Debug|Any CPU
		{82C95E8D-6A15-46BF-A023-1C52209D6BAB}.Debug|Any CPU.Build.0 = Debug|Any CPU
		{82C95E8D-6A15-46BF-A023-1C52209D6BAB}.Release|Any CPU.ActiveCfg = Release|Any CPU
		{82C95E8D-6A15-46BF-A023-1C52209D6BAB}.Release|Any CPU.Build.0 = Release|Any CPU
		{0A341281-3607-4BDF-A978-E926F1454E32}.Debug|Any CPU.ActiveCfg = Debug|Any CPU
		{0A341281-3607-4BDF-A978-E926F1454E32}.Debug|Any CPU.Build.0 = Debug|Any CPU
		{0A341281-3607-4BDF-A978-E926F1454E32}.Release|Any CPU.ActiveCfg = Release|Any CPU
		{0A341281-3607-4BDF-A978-E926F1454E32}.Release|Any CPU.Build.0 = Release|Any CPU
		{B8C5805E-66B3-4A29-8363-814141FF52C2}.Debug|Any CPU.ActiveCfg = Debug|Any CPU
		{B8C5805E-66B3-4A29-8363-814141FF52C2}.Debug|Any CPU.Build.0 = Debug|Any CPU
		{B8C5805E-66B3-4A29-8363-814141FF52C2}.Release|Any CPU.ActiveCfg = Release|Any CPU
		{B8C5805E-66B3-4A29-8363-814141FF52C2}.Release|Any CPU.Build.0 = Release|Any CPU
		{8CDC6DA7-10F0-40C7-8A72-B8D8EA1FAAD0}.Debug|Any CPU.ActiveCfg = Debug|Any CPU
		{8CDC6DA7-10F0-40C7-8A72-B8D8EA1FAAD0}.Debug|Any CPU.Build.0 = Debug|Any CPU
		{8CDC6DA7-10F0-40C7-8A72-B8D8EA1FAAD0}.Release|Any CPU.ActiveCfg = Release|Any CPU
		{8CDC6DA7-10F0-40C7-8A72-B8D8EA1FAAD0}.Release|Any CPU.Build.0 = Release|Any CPU
		{FAB0D744-EB87-4142-9362-E0293AE95589}.Debug|Any CPU.ActiveCfg = Debug|Any CPU
		{FAB0D744-EB87-4142-9362-E0293AE95589}.Debug|Any CPU.Build.0 = Debug|Any CPU
		{FAB0D744-EB87-4142-9362-E0293AE95589}.Release|Any CPU.ActiveCfg = Release|Any CPU
		{FAB0D744-EB87-4142-9362-E0293AE95589}.Release|Any CPU.Build.0 = Release|Any CPU
		{53FE8A20-7577-4F9E-917B-2ED74797E8E2}.Debug|Any CPU.ActiveCfg = Debug|Any CPU
		{53FE8A20-7577-4F9E-917B-2ED74797E8E2}.Debug|Any CPU.Build.0 = Debug|Any CPU
		{53FE8A20-7577-4F9E-917B-2ED74797E8E2}.Release|Any CPU.ActiveCfg = Release|Any CPU
		{53FE8A20-7577-4F9E-917B-2ED74797E8E2}.Release|Any CPU.Build.0 = Release|Any CPU
	EndGlobalSection
	GlobalSection(SolutionProperties) = preSolution
		HideSolutionNode = FALSE
	EndGlobalSection
	GlobalSection(ExtensibilityGlobals) = postSolution
		SolutionGuid = {A63A2683-D367-4F73-9000-F044C0D603ED}
	EndGlobalSection
EndGlobal
